Microsoft Visual Studio Solution File, Format Version 11.00
# Visual Studio 2008

Project("{F6167922-A86A-79B8-15E0-2C931881C501}") = "Busy_Horizon", "Assembly-CSharp-firstpass.csproj", "{788F4DBE-9FAE-F1E2-1899-C4EFC1EFB5A6}"
EndProject
Project("{F6167922-A86A-79B8-15E0-2C931881C501}") = "Busy_Horizon", "Assembly-CSharp.csproj", "{F267D04B-0F00-3676-3744-1ECA06429051}"
EndProject
Project("{F6167922-A86A-79B8-15E0-2C931881C501}") = "Busy_Horizon", "Assembly-CSharp-Editor.csproj", "{12E2CAB8-5487-C443-8C49-63456E623228}"
EndProject
Project("{F6167922-A86A-79B8-15E0-2C931881C501}") = "Busy_Horizon", "Assembly-UnityScript-firstpass.unityproj", "{A7E1E999-2C9E-C123-E955-90D76D939E58}"
EndProject
Global
	GlobalSection(SolutionConfigurationPlatforms) = preSolution
		Debug|Any CPU = Debug|Any CPU
		Release|Any CPU = Release|Any CPU
	EndGlobalSection
	GlobalSection(ProjectConfigurationPlatforms) = postSolution
		{788F4DBE-9FAE-F1E2-1899-C4EFC1EFB5A6}.Debug|Any CPU.ActiveCfg = Debug|Any CPU
		{788F4DBE-9FAE-F1E2-1899-C4EFC1EFB5A6}.Debug|Any CPU.Build.0 = Debug|Any CPU
		{788F4DBE-9FAE-F1E2-1899-C4EFC1EFB5A6}.Release|Any CPU.ActiveCfg = Release|Any CPU
		{788F4DBE-9FAE-F1E2-1899-C4EFC1EFB5A6}.Release|Any CPU.Build.0 = Release|Any CPU
		{F267D04B-0F00-3676-3744-1ECA06429051}.Debug|Any CPU.ActiveCfg = Debug|Any CPU
		{F267D04B-0F00-3676-3744-1ECA06429051}.Debug|Any CPU.Build.0 = Debug|Any CPU
		{F267D04B-0F00-3676-3744-1ECA06429051}.Release|Any CPU.ActiveCfg = Release|Any CPU
		{F267D04B-0F00-3676-3744-1ECA06429051}.Release|Any CPU.Build.0 = Release|Any CPU
		{12E2CAB8-5487-C443-8C49-63456E623228}.Debug|Any CPU.ActiveCfg = Debug|Any CPU
		{12E2CAB8-5487-C443-8C49-63456E623228}.Debug|Any CPU.Build.0 = Debug|Any CPU
		{12E2CAB8-5487-C443-8C49-63456E623228}.Release|Any CPU.ActiveCfg = Release|Any CPU
		{12E2CAB8-5487-C443-8C49-63456E623228}.Release|Any CPU.Build.0 = Release|Any CPU
		{A7E1E999-2C9E-C123-E955-90D76D939E58}.Debug|Any CPU.ActiveCfg = Debug|Any CPU
		{A7E1E999-2C9E-C123-E955-90D76D939E58}.Debug|Any CPU.Build.0 = Debug|Any CPU
		{A7E1E999-2C9E-C123-E955-90D76D939E58}.Release|Any CPU.ActiveCfg = Release|Any CPU
		{A7E1E999-2C9E-C123-E955-90D76D939E58}.Release|Any CPU.Build.0 = Release|Any CPU
	EndGlobalSection
	GlobalSection(SolutionProperties) = preSolution
		HideSolutionNode = FALSE
	EndGlobalSection
	GlobalSection(MonoDevelopProperties) = preSolution
		StartupItem = Assembly-CSharp.csproj
	EndGlobalSection
EndGlobal
